// !$*UTF8*$!
{
	archiveVersion = 1;
	classes = {
	};
	objectVersion = 46;
	objects = {

/* Begin PBXBuildFile section */
		FF7A825F18411370008B2387 /* GoogleOpenSource.framework in Frameworks */ = {isa = PBXBuildFile; fileRef = FF7A825E18411370008B2387 /* GoogleOpenSource.framework */; };
		FF7A826118411381008B2387 /* GooglePlus.framework in Frameworks */ = {isa = PBXBuildFile; fileRef = FF7A826018411381008B2387 /* GooglePlus.framework */; };
		FF7A8265184117A3008B2387 /* RootViewController.m in Sources */ = {isa = PBXBuildFile; fileRef = FF7A8263184117A3008B2387 /* RootViewController.m */; };
		FF7A8266184117A3008B2387 /* RootViewController.xib in Resources */ = {isa = PBXBuildFile; fileRef = FF7A8264184117A3008B2387 /* RootViewController.xib */; };
		FFA95F781840B70D00874CFB /* Foundation.framework in Frameworks */ = {isa = PBXBuildFile; fileRef = FFA95F771840B70D00874CFB /* Foundation.framework */; };
		FFA95F7A1840B70D00874CFB /* CoreGraphics.framework in Frameworks */ = {isa = PBXBuildFile; fileRef = FFA95F791840B70D00874CFB /* CoreGraphics.framework */; };
		FFA95F7C1840B70D00874CFB /* UIKit.framework in Frameworks */ = {isa = PBXBuildFile; fileRef = FFA95F7B1840B70D00874CFB /* UIKit.framework */; };
		FFA95F821840B70D00874CFB /* InfoPlist.strings in Resources */ = {isa = PBXBuildFile; fileRef = FFA95F801840B70D00874CFB /* InfoPlist.strings */; };
		FFA95F841840B70D00874CFB /* main.m in Sources */ = {isa = PBXBuildFile; fileRef = FFA95F831840B70D00874CFB /* main.m */; };
		FFA95F881840B70D00874CFB /* AppDelegate.m in Sources */ = {isa = PBXBuildFile; fileRef = FFA95F871840B70D00874CFB /* AppDelegate.m */; };
		FFA95F8B1840B70D00874CFB /* Main.storyboard in Resources */ = {isa = PBXBuildFile; fileRef = FFA95F891840B70D00874CFB /* Main.storyboard */; };
		FFA95F8E1840B70D00874CFB /* ViewController.m in Sources */ = {isa = PBXBuildFile; fileRef = FFA95F8D1840B70D00874CFB /* ViewController.m */; };
		FFA95F901840B70D00874CFB /* Images.xcassets in Resources */ = {isa = PBXBuildFile; fileRef = FFA95F8F1840B70D00874CFB /* Images.xcassets */; };
		FFA95F971840B70D00874CFB /* XCTest.framework in Frameworks */ = {isa = PBXBuildFile; fileRef = FFA95F961840B70D00874CFB /* XCTest.framework */; };
		FFA95F981840B70D00874CFB /* Foundation.framework in Frameworks */ = {isa = PBXBuildFile; fileRef = FFA95F771840B70D00874CFB /* Foundation.framework */; };
		FFA95F991840B70D00874CFB /* UIKit.framework in Frameworks */ = {isa = PBXBuildFile; fileRef = FFA95F7B1840B70D00874CFB /* UIKit.framework */; };
		FFA95FA11840B70D00874CFB /* InfoPlist.strings in Resources */ = {isa = PBXBuildFile; fileRef = FFA95F9F1840B70D00874CFB /* InfoPlist.strings */; };
		FFA95FA31840B70D00874CFB /* KidsBerryTests.m in Sources */ = {isa = PBXBuildFile; fileRef = FFA95FA21840B70D00874CFB /* KidsBerryTests.m */; };
		FFDC33031840C3BB00CC926B /* CFNetwork.framework in Frameworks */ = {isa = PBXBuildFile; fileRef = FFDC33021840C3BB00CC926B /* CFNetwork.framework */; };
		FFDC33051840C3C900CC926B /* Security.framework in Frameworks */ = {isa = PBXBuildFile; fileRef = FFDC33041840C3C900CC926B /* Security.framework */; };
		FFDC33071840C3D800CC926B /* SystemConfiguration.framework in Frameworks */ = {isa = PBXBuildFile; fileRef = FFDC33061840C3D800CC926B /* SystemConfiguration.framework */; };
		FFDC33091840C3E400CC926B /* QuartzCore.framework in Frameworks */ = {isa = PBXBuildFile; fileRef = FFDC33081840C3E400CC926B /* QuartzCore.framework */; };
		FFDC330B1840C3F600CC926B /* libc++.dylib in Frameworks */ = {isa = PBXBuildFile; fileRef = FFDC330A1840C3F600CC926B /* libc++.dylib */; };
		FFDC330F1840C7D000CC926B /* Dropbox.framework in Frameworks */ = {isa = PBXBuildFile; fileRef = FFDC330E1840C7D000CC926B /* Dropbox.framework */; };
		FFDC33111840C86600CC926B /* FacebookSDK.framework in Frameworks */ = {isa = PBXBuildFile; fileRef = FFDC33101840C86600CC926B /* FacebookSDK.framework */; };
		FFDC33151840D4A800CC926B /* HelloViewController.m in Sources */ = {isa = PBXBuildFile; fileRef = FFDC33131840D4A800CC926B /* HelloViewController.m */; };
		FFDC33161840D4A800CC926B /* HelloViewController.xib in Resources */ = {isa = PBXBuildFile; fileRef = FFDC33141840D4A800CC926B /* HelloViewController.xib */; };
		FFDC332C1840F42500CC926B /* SBJsonParser.m in Sources */ = {isa = PBXBuildFile; fileRef = FFDC33191840F42500CC926B /* SBJsonParser.m */; };
		FFDC332D1840F42500CC926B /* SBJsonStreamParser.m in Sources */ = {isa = PBXBuildFile; fileRef = FFDC331B1840F42500CC926B /* SBJsonStreamParser.m */; };
		FFDC332E1840F42500CC926B /* SBJsonStreamParserAccumulator.m in Sources */ = {isa = PBXBuildFile; fileRef = FFDC331D1840F42500CC926B /* SBJsonStreamParserAccumulator.m */; };
		FFDC332F1840F42500CC926B /* SBJsonStreamParserAdapter.m in Sources */ = {isa = PBXBuildFile; fileRef = FFDC331F1840F42500CC926B /* SBJsonStreamParserAdapter.m */; };
		FFDC33301840F42500CC926B /* SBJsonStreamParserState.m in Sources */ = {isa = PBXBuildFile; fileRef = FFDC33211840F42500CC926B /* SBJsonStreamParserState.m */; };
		FFDC33311840F42500CC926B /* SBJsonStreamTokeniser.m in Sources */ = {isa = PBXBuildFile; fileRef = FFDC33231840F42500CC926B /* SBJsonStreamTokeniser.m */; };
		FFDC33321840F42500CC926B /* SBJsonStreamWriter.m in Sources */ = {isa = PBXBuildFile; fileRef = FFDC33251840F42500CC926B /* SBJsonStreamWriter.m */; };
		FFDC33331840F42500CC926B /* SBJsonStreamWriterAccumulator.m in Sources */ = {isa = PBXBuildFile; fileRef = FFDC33271840F42500CC926B /* SBJsonStreamWriterAccumulator.m */; };
		FFDC33341840F42500CC926B /* SBJsonStreamWriterState.m in Sources */ = {isa = PBXBuildFile; fileRef = FFDC33291840F42500CC926B /* SBJsonStreamWriterState.m */; };
		FFDC33351840F42500CC926B /* SBJsonWriter.m in Sources */ = {isa = PBXBuildFile; fileRef = FFDC332B1840F42500CC926B /* SBJsonWriter.m */; };
		FFDC33391840F9BF00CC926B /* kidsberry.jpg in Resources */ = {isa = PBXBuildFile; fileRef = FFDC33381840F9BF00CC926B /* kidsberry.jpg */; };
		FFDC333D184109A500CC926B /* dropbox_button.png in Resources */ = {isa = PBXBuildFile; fileRef = FFDC333C184109A500CC926B /* dropbox_button.png */; };
/* End PBXBuildFile section */

/* Begin PBXContainerItemProxy section */
		FFA95F9A1840B70D00874CFB /* PBXContainerItemProxy */ = {
			isa = PBXContainerItemProxy;
			containerPortal = FFA95F6C1840B70D00874CFB /* Project object */;
			proxyType = 1;
			remoteGlobalIDString = FFA95F731840B70D00874CFB;
			remoteInfo = KidsBerry;
		};
/* End PBXContainerItemProxy section */

/* Begin PBXFileReference section */
		FF7A825E18411370008B2387 /* GoogleOpenSource.framework */ = {isa = PBXFileReference; lastKnownFileType = wrapper.framework; path = GoogleOpenSource.framework; sourceTree = "<group>"; };
		FF7A826018411381008B2387 /* GooglePlus.framework */ = {isa = PBXFileReference; lastKnownFileType = wrapper.framework; path = GooglePlus.framework; sourceTree = "<group>"; };
		FF7A8262184117A3008B2387 /* RootViewController.h */ = {isa = PBXFileReference; fileEncoding = 4; lastKnownFileType = sourcecode.c.h; path = RootViewController.h; sourceTree = "<group>"; };
		FF7A8263184117A3008B2387 /* RootViewController.m */ = {isa = PBXFileReference; fileEncoding = 4; lastKnownFileType = sourcecode.c.objc; path = RootViewController.m; sourceTree = "<group>"; };
		FF7A8264184117A3008B2387 /* RootViewController.xib */ = {isa = PBXFileReference; fileEncoding = 4; lastKnownFileType = file.xib; path = RootViewController.xib; sourceTree = "<group>"; };
		FFA95F741840B70D00874CFB /* KidsBerry.app */ = {isa = PBXFileReference; explicitFileType = wrapper.application; includeInIndex = 0; path = KidsBerry.app; sourceTree = BUILT_PRODUCTS_DIR; };
		FFA95F771840B70D00874CFB /* Foundation.framework */ = {isa = PBXFileReference; lastKnownFileType = wrapper.framework; name = Foundation.framework; path = System/Library/Frameworks/Foundation.framework; sourceTree = SDKROOT; };
		FFA95F791840B70D00874CFB /* CoreGraphics.framework */ = {isa = PBXFileReference; lastKnownFileType = wrapper.framework; name = CoreGraphics.framework; path = System/Library/Frameworks/CoreGraphics.framework; sourceTree = SDKROOT; };
		FFA95F7B1840B70D00874CFB /* UIKit.framework */ = {isa = PBXFileReference; lastKnownFileType = wrapper.framework; name = UIKit.framework; path = System/Library/Frameworks/UIKit.framework; sourceTree = SDKROOT; };
		FFA95F7F1840B70D00874CFB /* KidsBerry-Info.plist */ = {isa = PBXFileReference; lastKnownFileType = text.plist.xml; path = "KidsBerry-Info.plist"; sourceTree = "<group>"; };
		FFA95F811840B70D00874CFB /* en */ = {isa = PBXFileReference; lastKnownFileType = text.plist.strings; name = en; path = en.lproj/InfoPlist.strings; sourceTree = "<group>"; };
		FFA95F831840B70D00874CFB /* main.m */ = {isa = PBXFileReference; lastKnownFileType = sourcecode.c.objc; path = main.m; sourceTree = "<group>"; };
		FFA95F851840B70D00874CFB /* KidsBerry-Prefix.pch */ = {isa = PBXFileReference; lastKnownFileType = sourcecode.c.h; path = "KidsBerry-Prefix.pch"; sourceTree = "<group>"; };
		FFA95F861840B70D00874CFB /* AppDelegate.h */ = {isa = PBXFileReference; lastKnownFileType = sourcecode.c.h; path = AppDelegate.h; sourceTree = "<group>"; };
		FFA95F871840B70D00874CFB /* AppDelegate.m */ = {isa = PBXFileReference; lastKnownFileType = sourcecode.c.objc; path = AppDelegate.m; sourceTree = "<group>"; };
		FFA95F8A1840B70D00874CFB /* Base */ = {isa = PBXFileReference; lastKnownFileType = file.storyboard; name = Base; path = Base.lproj/Main.storyboard; sourceTree = "<group>"; };
		FFA95F8C1840B70D00874CFB /* ViewController.h */ = {isa = PBXFileReference; lastKnownFileType = sourcecode.c.h; path = ViewController.h; sourceTree = "<group>"; };
		FFA95F8D1840B70D00874CFB /* ViewController.m */ = {isa = PBXFileReference; lastKnownFileType = sourcecode.c.objc; path = ViewController.m; sourceTree = "<group>"; };
		FFA95F8F1840B70D00874CFB /* Images.xcassets */ = {isa = PBXFileReference; lastKnownFileType = folder.assetcatalog; path = Images.xcassets; sourceTree = "<group>"; };
		FFA95F951840B70D00874CFB /* KidsBerryTests.xctest */ = {isa = PBXFileReference; explicitFileType = wrapper.cfbundle; includeInIndex = 0; path = KidsBerryTests.xctest; sourceTree = BUILT_PRODUCTS_DIR; };
		FFA95F961840B70D00874CFB /* XCTest.framework */ = {isa = PBXFileReference; lastKnownFileType = wrapper.framework; name = XCTest.framework; path = Library/Frameworks/XCTest.framework; sourceTree = DEVELOPER_DIR; };
		FFA95F9E1840B70D00874CFB /* KidsBerryTests-Info.plist */ = {isa = PBXFileReference; lastKnownFileType = text.plist.xml; path = "KidsBerryTests-Info.plist"; sourceTree = "<group>"; };
		FFA95FA01840B70D00874CFB /* en */ = {isa = PBXFileReference; lastKnownFileType = text.plist.strings; name = en; path = en.lproj/InfoPlist.strings; sourceTree = "<group>"; };
		FFA95FA21840B70D00874CFB /* KidsBerryTests.m */ = {isa = PBXFileReference; lastKnownFileType = sourcecode.c.objc; path = KidsBerryTests.m; sourceTree = "<group>"; };
		FFDC33021840C3BB00CC926B /* CFNetwork.framework */ = {isa = PBXFileReference; lastKnownFileType = wrapper.framework; name = CFNetwork.framework; path = System/Library/Frameworks/CFNetwork.framework; sourceTree = SDKROOT; };
		FFDC33041840C3C900CC926B /* Security.framework */ = {isa = PBXFileReference; lastKnownFileType = wrapper.framework; name = Security.framework; path = System/Library/Frameworks/Security.framework; sourceTree = SDKROOT; };
		FFDC33061840C3D800CC926B /* SystemConfiguration.framework */ = {isa = PBXFileReference; lastKnownFileType = wrapper.framework; name = SystemConfiguration.framework; path = System/Library/Frameworks/SystemConfiguration.framework; sourceTree = SDKROOT; };
		FFDC33081840C3E400CC926B /* QuartzCore.framework */ = {isa = PBXFileReference; lastKnownFileType = wrapper.framework; name = QuartzCore.framework; path = System/Library/Frameworks/QuartzCore.framework; sourceTree = SDKROOT; };
		FFDC330A1840C3F600CC926B /* libc++.dylib */ = {isa = PBXFileReference; lastKnownFileType = "compiled.mach-o.dylib"; name = "libc++.dylib"; path = "usr/lib/libc++.dylib"; sourceTree = SDKROOT; };
		FFDC330E1840C7D000CC926B /* Dropbox.framework */ = {isa = PBXFileReference; lastKnownFileType = wrapper.framework; path = Dropbox.framework; sourceTree = "<group>"; };
		FFDC33101840C86600CC926B /* FacebookSDK.framework */ = {isa = PBXFileReference; lastKnownFileType = wrapper.framework; path = FacebookSDK.framework; sourceTree = "<group>"; };
		FFDC33121840D4A800CC926B /* HelloViewController.h */ = {isa = PBXFileReference; fileEncoding = 4; lastKnownFileType = sourcecode.c.h; path = HelloViewController.h; sourceTree = "<group>"; };
		FFDC33131840D4A800CC926B /* HelloViewController.m */ = {isa = PBXFileReference; fileEncoding = 4; lastKnownFileType = sourcecode.c.objc; path = HelloViewController.m; sourceTree = "<group>"; };
		FFDC33141840D4A800CC926B /* HelloViewController.xib */ = {isa = PBXFileReference; fileEncoding = 4; lastKnownFileType = file.xib; path = HelloViewController.xib; sourceTree = "<group>"; };
		FFDC33171840F42500CC926B /* SBJson.h */ = {isa = PBXFileReference; fileEncoding = 4; lastKnownFileType = sourcecode.c.h; path = SBJson.h; sourceTree = "<group>"; };
		FFDC33181840F42500CC926B /* SBJsonParser.h */ = {isa = PBXFileReference; fileEncoding = 4; lastKnownFileType = sourcecode.c.h; path = SBJsonParser.h; sourceTree = "<group>"; };
		FFDC33191840F42500CC926B /* SBJsonParser.m */ = {isa = PBXFileReference; fileEncoding = 4; lastKnownFileType = sourcecode.c.objc; path = SBJsonParser.m; sourceTree = "<group>"; };
		FFDC331A1840F42500CC926B /* SBJsonStreamParser.h */ = {isa = PBXFileReference; fileEncoding = 4; lastKnownFileType = sourcecode.c.h; path = SBJsonStreamParser.h; sourceTree = "<group>"; };
		FFDC331B1840F42500CC926B /* SBJsonStreamParser.m */ = {isa = PBXFileReference; fileEncoding = 4; lastKnownFileType = sourcecode.c.objc; path = SBJsonStreamParser.m; sourceTree = "<group>"; };
		FFDC331C1840F42500CC926B /* SBJsonStreamParserAccumulator.h */ = {isa = PBXFileReference; fileEncoding = 4; lastKnownFileType = sourcecode.c.h; path = SBJsonStreamParserAccumulator.h; sourceTree = "<group>"; };
		FFDC331D1840F42500CC926B /* SBJsonStreamParserAccumulator.m */ = {isa = PBXFileReference; fileEncoding = 4; lastKnownFileType = sourcecode.c.objc; path = SBJsonStreamParserAccumulator.m; sourceTree = "<group>"; };
		FFDC331E1840F42500CC926B /* SBJsonStreamParserAdapter.h */ = {isa = PBXFileReference; fileEncoding = 4; lastKnownFileType = sourcecode.c.h; path = SBJsonStreamParserAdapter.h; sourceTree = "<group>"; };
		FFDC331F1840F42500CC926B /* SBJsonStreamParserAdapter.m */ = {isa = PBXFileReference; fileEncoding = 4; lastKnownFileType = sourcecode.c.objc; path = SBJsonStreamParserAdapter.m; sourceTree = "<group>"; };
		FFDC33201840F42500CC926B /* SBJsonStreamParserState.h */ = {isa = PBXFileReference; fileEncoding = 4; lastKnownFileType = sourcecode.c.h; path = SBJsonStreamParserState.h; sourceTree = "<group>"; };
		FFDC33211840F42500CC926B /* SBJsonStreamParserState.m */ = {isa = PBXFileReference; fileEncoding = 4; lastKnownFileType = sourcecode.c.objc; path = SBJsonStreamParserState.m; sourceTree = "<group>"; };
		FFDC33221840F42500CC926B /* SBJsonStreamTokeniser.h */ = {isa = PBXFileReference; fileEncoding = 4; lastKnownFileType = sourcecode.c.h; path = SBJsonStreamTokeniser.h; sourceTree = "<group>"; };
		FFDC33231840F42500CC926B /* SBJsonStreamTokeniser.m */ = {isa = PBXFileReference; fileEncoding = 4; lastKnownFileType = sourcecode.c.objc; path = SBJsonStreamTokeniser.m; sourceTree = "<group>"; };
		FFDC33241840F42500CC926B /* SBJsonStreamWriter.h */ = {isa = PBXFileReference; fileEncoding = 4; lastKnownFileType = sourcecode.c.h; path = SBJsonStreamWriter.h; sourceTree = "<group>"; };
		FFDC33251840F42500CC926B /* SBJsonStreamWriter.m */ = {isa = PBXFileReference; fileEncoding = 4; lastKnownFileType = sourcecode.c.objc; path = SBJsonStreamWriter.m; sourceTree = "<group>"; };
		FFDC33261840F42500CC926B /* SBJsonStreamWriterAccumulator.h */ = {isa = PBXFileReference; fileEncoding = 4; lastKnownFileType = sourcecode.c.h; path = SBJsonStreamWriterAccumulator.h; sourceTree = "<group>"; };
		FFDC33271840F42500CC926B /* SBJsonStreamWriterAccumulator.m */ = {isa = PBXFileReference; fileEncoding = 4; lastKnownFileType = sourcecode.c.objc; path = SBJsonStreamWriterAccumulator.m; sourceTree = "<group>"; };
		FFDC33281840F42500CC926B /* SBJsonStreamWriterState.h */ = {isa = PBXFileReference; fileEncoding = 4; lastKnownFileType = sourcecode.c.h; path = SBJsonStreamWriterState.h; sourceTree = "<group>"; };
		FFDC33291840F42500CC926B /* SBJsonStreamWriterState.m */ = {isa = PBXFileReference; fileEncoding = 4; lastKnownFileType = sourcecode.c.objc; path = SBJsonStreamWriterState.m; sourceTree = "<group>"; };
		FFDC332A1840F42500CC926B /* SBJsonWriter.h */ = {isa = PBXFileReference; fileEncoding = 4; lastKnownFileType = sourcecode.c.h; path = SBJsonWriter.h; sourceTree = "<group>"; };
		FFDC332B1840F42500CC926B /* SBJsonWriter.m */ = {isa = PBXFileReference; fileEncoding = 4; lastKnownFileType = sourcecode.c.objc; path = SBJsonWriter.m; sourceTree = "<group>"; };
		FFDC33381840F9BF00CC926B /* kidsberry.jpg */ = {isa = PBXFileReference; lastKnownFileType = image.jpeg; path = kidsberry.jpg; sourceTree = "<group>"; };
		FFDC333C184109A500CC926B /* dropbox_button.png */ = {isa = PBXFileReference; lastKnownFileType = image.png; path = dropbox_button.png; sourceTree = "<group>"; };
/* End PBXFileReference section */

/* Begin PBXFrameworksBuildPhase section */
		FFA95F711840B70D00874CFB /* Frameworks */ = {
			isa = PBXFrameworksBuildPhase;
			buildActionMask = 2147483647;
			files = (
				FFDC330B1840C3F600CC926B /* libc++.dylib in Frameworks */,
				FF7A826118411381008B2387 /* GooglePlus.framework in Frameworks */,
				FF7A825F18411370008B2387 /* GoogleOpenSource.framework in Frameworks */,
				FFDC33111840C86600CC926B /* FacebookSDK.framework in Frameworks */,
				FFDC33091840C3E400CC926B /* QuartzCore.framework in Frameworks */,
				FFDC33071840C3D800CC926B /* SystemConfiguration.framework in Frameworks */,
				FFDC33051840C3C900CC926B /* Security.framework in Frameworks */,
				FFDC33031840C3BB00CC926B /* CFNetwork.framework in Frameworks */,
				FFA95F7A1840B70D00874CFB /* CoreGraphics.framework in Frameworks */,
				FFA95F7C1840B70D00874CFB /* UIKit.framework in Frameworks */,
				FFDC330F1840C7D000CC926B /* Dropbox.framework in Frameworks */,
				FFA95F781840B70D00874CFB /* Foundation.framework in Frameworks */,
			);
			runOnlyForDeploymentPostprocessing = 0;
		};
		FFA95F921840B70D00874CFB /* Frameworks */ = {
			isa = PBXFrameworksBuildPhase;
			buildActionMask = 2147483647;
			files = (
				FFA95F971840B70D00874CFB /* XCTest.framework in Frameworks */,
				FFA95F991840B70D00874CFB /* UIKit.framework in Frameworks */,
				FFA95F981840B70D00874CFB /* Foundation.framework in Frameworks */,
			);
			runOnlyForDeploymentPostprocessing = 0;
		};
/* End PBXFrameworksBuildPhase section */

/* Begin PBXGroup section */
		FFA95F6B1840B70D00874CFB = {
			isa = PBXGroup;
			children = (
				FFA95F761840B70D00874CFB /* Frameworks */,
				FFDC33371840F91000CC926B /* Images */,
				FFDC33361840F43200CC926B /* Json */,
				FFA95F7D1840B70D00874CFB /* KidsBerry */,
				FFA95F9C1840B70D00874CFB /* KidsBerryTests */,
				FFA95F751840B70D00874CFB /* Products */,
			);
			sourceTree = "<group>";
		};
		FFA95F751840B70D00874CFB /* Products */ = {
			isa = PBXGroup;
			children = (
				FFA95F741840B70D00874CFB /* KidsBerry.app */,
				FFA95F951840B70D00874CFB /* KidsBerryTests.xctest */,
			);
			name = Products;
			sourceTree = "<group>";
		};
		FFA95F761840B70D00874CFB /* Frameworks */ = {
			isa = PBXGroup;
			children = (
				FF7A826018411381008B2387 /* GooglePlus.framework */,
				FF7A825E18411370008B2387 /* GoogleOpenSource.framework */,
				FFDC33101840C86600CC926B /* FacebookSDK.framework */,
				FFDC330E1840C7D000CC926B /* Dropbox.framework */,
				FFDC330A1840C3F600CC926B /* libc++.dylib */,
				FFDC33081840C3E400CC926B /* QuartzCore.framework */,
				FFDC33061840C3D800CC926B /* SystemConfiguration.framework */,
				FFDC33041840C3C900CC926B /* Security.framework */,
				FFDC33021840C3BB00CC926B /* CFNetwork.framework */,
				FFA95F771840B70D00874CFB /* Foundation.framework */,
				FFA95F791840B70D00874CFB /* CoreGraphics.framework */,
				FFA95F7B1840B70D00874CFB /* UIKit.framework */,
				FFA95F961840B70D00874CFB /* XCTest.framework */,
			);
			name = Frameworks;
			sourceTree = "<group>";
		};
		FFA95F7D1840B70D00874CFB /* KidsBerry */ = {
			isa = PBXGroup;
			children = (
				FFA95F861840B70D00874CFB /* AppDelegate.h */,
				FFA95F871840B70D00874CFB /* AppDelegate.m */,
				FFDC33121840D4A800CC926B /* HelloViewController.h */,
				FFDC33131840D4A800CC926B /* HelloViewController.m */,
				FFDC33141840D4A800CC926B /* HelloViewController.xib */,
				FFA95F8F1840B70D00874CFB /* Images.xcassets */,
				FFA95F891840B70D00874CFB /* Main.storyboard */,
				FF7A8262184117A3008B2387 /* RootViewController.h */,
				FF7A8263184117A3008B2387 /* RootViewController.m */,
				FF7A8264184117A3008B2387 /* RootViewController.xib */,
				FFA95F7E1840B70D00874CFB /* Supporting Files */,
				FFA95F8C1840B70D00874CFB /* ViewController.h */,
				FFA95F8D1840B70D00874CFB /* ViewController.m */,
			);
			path = KidsBerry;
			sourceTree = "<group>";
		};
		FFA95F7E1840B70D00874CFB /* Supporting Files */ = {
			isa = PBXGroup;
			children = (
				FFA95F7F1840B70D00874CFB /* KidsBerry-Info.plist */,
				FFA95F801840B70D00874CFB /* InfoPlist.strings */,
				FFA95F831840B70D00874CFB /* main.m */,
				FFA95F851840B70D00874CFB /* KidsBerry-Prefix.pch */,
			);
			name = "Supporting Files";
			sourceTree = "<group>";
		};
		FFA95F9C1840B70D00874CFB /* KidsBerryTests */ = {
			isa = PBXGroup;
			children = (
				FFA95FA21840B70D00874CFB /* KidsBerryTests.m */,
				FFA95F9D1840B70D00874CFB /* Supporting Files */,
			);
			path = KidsBerryTests;
			sourceTree = "<group>";
		};
		FFA95F9D1840B70D00874CFB /* Supporting Files */ = {
			isa = PBXGroup;
			children = (
				FFA95F9E1840B70D00874CFB /* KidsBerryTests-Info.plist */,
				FFA95F9F1840B70D00874CFB /* InfoPlist.strings */,
			);
			name = "Supporting Files";
			sourceTree = "<group>";
		};
		FFDC33361840F43200CC926B /* Json */ = {
			isa = PBXGroup;
			children = (
				FFDC33171840F42500CC926B /* SBJson.h */,
				FFDC33181840F42500CC926B /* SBJsonParser.h */,
				FFDC33191840F42500CC926B /* SBJsonParser.m */,
				FFDC331A1840F42500CC926B /* SBJsonStreamParser.h */,
				FFDC331B1840F42500CC926B /* SBJsonStreamParser.m */,
				FFDC331C1840F42500CC926B /* SBJsonStreamParserAccumulator.h */,
				FFDC331D1840F42500CC926B /* SBJsonStreamParserAccumulator.m */,
				FFDC331E1840F42500CC926B /* SBJsonStreamParserAdapter.h */,
				FFDC331F1840F42500CC926B /* SBJsonStreamParserAdapter.m */,
				FFDC33201840F42500CC926B /* SBJsonStreamParserState.h */,
				FFDC33211840F42500CC926B /* SBJsonStreamParserState.m */,
				FFDC33221840F42500CC926B /* SBJsonStreamTokeniser.h */,
				FFDC33231840F42500CC926B /* SBJsonStreamTokeniser.m */,
				FFDC33241840F42500CC926B /* SBJsonStreamWriter.h */,
				FFDC33251840F42500CC926B /* SBJsonStreamWriter.m */,
				FFDC33261840F42500CC926B /* SBJsonStreamWriterAccumulator.h */,
				FFDC33271840F42500CC926B /* SBJsonStreamWriterAccumulator.m */,
				FFDC33281840F42500CC926B /* SBJsonStreamWriterState.h */,
				FFDC33291840F42500CC926B /* SBJsonStreamWriterState.m */,
				FFDC332A1840F42500CC926B /* SBJsonWriter.h */,
				FFDC332B1840F42500CC926B /* SBJsonWriter.m */,
			);
			name = Json;
			path = KidsBerry;
			sourceTree = "<group>";
		};
		FFDC33371840F91000CC926B /* Images */ = {
			isa = PBXGroup;
			children = (
				FFDC333C184109A500CC926B /* dropbox_button.png */,
				FFDC33381840F9BF00CC926B /* kidsberry.jpg */,
			);
			name = Images;
			path = KidsBerry;
			sourceTree = "<group>";
		};
/* End PBXGroup section */

/* Begin PBXNativeTarget section */
		FFA95F731840B70D00874CFB /* KidsBerry */ = {
			isa = PBXNativeTarget;
			buildConfigurationList = FFA95FA61840B70D00874CFB /* Build configuration list for PBXNativeTarget "KidsBerry" */;
			buildPhases = (
				FFA95F701840B70D00874CFB /* Sources */,
				FFA95F711840B70D00874CFB /* Frameworks */,
				FFA95F721840B70D00874CFB /* Resources */,
			);
			buildRules = (
			);
			dependencies = (
			);
			name = KidsBerry;
			productName = KidsBerry;
			productReference = FFA95F741840B70D00874CFB /* KidsBerry.app */;
			productType = "com.apple.product-type.application";
		};
		FFA95F941840B70D00874CFB /* KidsBerryTests */ = {
			isa = PBXNativeTarget;
			buildConfigurationList = FFA95FA91840B70D00874CFB /* Build configuration list for PBXNativeTarget "KidsBerryTests" */;
			buildPhases = (
				FFA95F911840B70D00874CFB /* Sources */,
				FFA95F921840B70D00874CFB /* Frameworks */,
				FFA95F931840B70D00874CFB /* Resources */,
			);
			buildRules = (
			);
			dependencies = (
				FFA95F9B1840B70D00874CFB /* PBXTargetDependency */,
			);
			name = KidsBerryTests;
			productName = KidsBerryTests;
			productReference = FFA95F951840B70D00874CFB /* KidsBerryTests.xctest */;
			productType = "com.apple.product-type.bundle.unit-test";
		};
/* End PBXNativeTarget section */

/* Begin PBXProject section */
		FFA95F6C1840B70D00874CFB /* Project object */ = {
			isa = PBXProject;
			attributes = {
				LastUpgradeCheck = 0500;
				ORGANIZATIONNAME = "Loredana Albulescu";
				TargetAttributes = {
					FFA95F941840B70D00874CFB = {
						TestTargetID = FFA95F731840B70D00874CFB;
					};
				};
			};
			buildConfigurationList = FFA95F6F1840B70D00874CFB /* Build configuration list for PBXProject "KidsBerry" */;
			compatibilityVersion = "Xcode 3.2";
			developmentRegion = English;
			hasScannedForEncodings = 0;
			knownRegions = (
				en,
				Base,
			);
			mainGroup = FFA95F6B1840B70D00874CFB;
			productRefGroup = FFA95F751840B70D00874CFB /* Products */;
			projectDirPath = "";
			projectRoot = "";
			targets = (
				FFA95F731840B70D00874CFB /* KidsBerry */,
				FFA95F941840B70D00874CFB /* KidsBerryTests */,
			);
		};
/* End PBXProject section */

/* Begin PBXResourcesBuildPhase section */
		FFA95F721840B70D00874CFB /* Resources */ = {
			isa = PBXResourcesBuildPhase;
			buildActionMask = 2147483647;
			files = (
				FFA95F901840B70D00874CFB /* Images.xcassets in Resources */,
				FFDC33391840F9BF00CC926B /* kidsberry.jpg in Resources */,
				FFA95F821840B70D00874CFB /* InfoPlist.strings in Resources */,
				FFA95F8B1840B70D00874CFB /* Main.storyboard in Resources */,
				FF7A8266184117A3008B2387 /* RootViewController.xib in Resources */,
				FFDC333D184109A500CC926B /* dropbox_button.png in Resources */,
				FFDC33161840D4A800CC926B /* HelloViewController.xib in Resources */,
			);
			runOnlyForDeploymentPostprocessing = 0;
		};
		FFA95F931840B70D00874CFB /* Resources */ = {
			isa = PBXResourcesBuildPhase;
			buildActionMask = 2147483647;
			files = (
				FFA95FA11840B70D00874CFB /* InfoPlist.strings in Resources */,
			);
			runOnlyForDeploymentPostprocessing = 0;
		};
/* End PBXResourcesBuildPhase section */

/* Begin PBXSourcesBuildPhase section */
		FFA95F701840B70D00874CFB /* Sources */ = {
			isa = PBXSourcesBuildPhase;
			buildActionMask = 2147483647;
			files = (
				FFA95F8E1840B70D00874CFB /* ViewController.m in Sources */,
				FFDC33311840F42500CC926B /* SBJsonStreamTokeniser.m in Sources */,
				FFDC33331840F42500CC926B /* SBJsonStreamWriterAccumulator.m in Sources */,
				FFA95F881840B70D00874CFB /* AppDelegate.m in Sources */,
				FFA95F841840B70D00874CFB /* main.m in Sources */,
				FFDC332D1840F42500CC926B /* SBJsonStreamParser.m in Sources */,
				FFDC33341840F42500CC926B /* SBJsonStreamWriterState.m in Sources */,
				FFDC33351840F42500CC926B /* SBJsonWriter.m in Sources */,
				FFDC332C1840F42500CC926B /* SBJsonParser.m in Sources */,
				FFDC332E1840F42500CC926B /* SBJsonStreamParserAccumulator.m in Sources */,
				FFDC33301840F42500CC926B /* SBJsonStreamParserState.m in Sources */,
				FFDC33151840D4A800CC926B /* HelloViewController.m in Sources */,
				FFDC33321840F42500CC926B /* SBJsonStreamWriter.m in Sources */,
				FFDC332F1840F42500CC926B /* SBJsonStreamParserAdapter.m in Sources */,
				FF7A8265184117A3008B2387 /* RootViewController.m in Sources */,
			);
			runOnlyForDeploymentPostprocessing = 0;
		};
		FFA95F911840B70D00874CFB /* Sources */ = {
			isa = PBXSourcesBuildPhase;
			buildActionMask = 2147483647;
			files = (
				FFA95FA31840B70D00874CFB /* KidsBerryTests.m in Sources */,
			);
			runOnlyForDeploymentPostprocessing = 0;
		};
/* End PBXSourcesBuildPhase section */

/* Begin PBXTargetDependency section */
		FFA95F9B1840B70D00874CFB /* PBXTargetDependency */ = {
			isa = PBXTargetDependency;
			target = FFA95F731840B70D00874CFB /* KidsBerry */;
			targetProxy = FFA95F9A1840B70D00874CFB /* PBXContainerItemProxy */;
		};
/* End PBXTargetDependency section */

/* Begin PBXVariantGroup section */
		FFA95F801840B70D00874CFB /* InfoPlist.strings */ = {
			isa = PBXVariantGroup;
			children = (
				FFA95F811840B70D00874CFB /* en */,
			);
			name = InfoPlist.strings;
			sourceTree = "<group>";
		};
		FFA95F891840B70D00874CFB /* Main.storyboard */ = {
			isa = PBXVariantGroup;
			children = (
				FFA95F8A1840B70D00874CFB /* Base */,
			);
			name = Main.storyboard;
			sourceTree = "<group>";
		};
		FFA95F9F1840B70D00874CFB /* InfoPlist.strings */ = {
			isa = PBXVariantGroup;
			children = (
				FFA95FA01840B70D00874CFB /* en */,
			);
			name = InfoPlist.strings;
			sourceTree = "<group>";
		};
/* End PBXVariantGroup section */

/* Begin XCBuildConfiguration section */
		FFA95FA41840B70D00874CFB /* Debug */ = {
			isa = XCBuildConfiguration;
			buildSettings = {
				ALWAYS_SEARCH_USER_PATHS = NO;
				ARCHS = "$(ARCHS_STANDARD_INCLUDING_64_BIT)";
				CLANG_CXX_LANGUAGE_STANDARD = "gnu++0x";
				CLANG_CXX_LIBRARY = "libc++";
				CLANG_ENABLE_MODULES = YES;
				CLANG_ENABLE_OBJC_ARC = YES;
				CLANG_WARN_BOOL_CONVERSION = YES;
				CLANG_WARN_CONSTANT_CONVERSION = YES;
				CLANG_WARN_DIRECT_OBJC_ISA_USAGE = YES_ERROR;
				CLANG_WARN_EMPTY_BODY = YES;
				CLANG_WARN_ENUM_CONVERSION = YES;
				CLANG_WARN_INT_CONVERSION = YES;
				CLANG_WARN_OBJC_ROOT_CLASS = YES_ERROR;
				CLANG_WARN__DUPLICATE_METHOD_MATCH = YES;
				"CODE_SIGN_IDENTITY[sdk=iphoneos*]" = "iPhone Developer";
				COPY_PHASE_STRIP = NO;
				GCC_C_LANGUAGE_STANDARD = gnu99;
				GCC_DYNAMIC_NO_PIC = NO;
				GCC_OPTIMIZATION_LEVEL = 0;
				GCC_PREPROCESSOR_DEFINITIONS = (
					"DEBUG=1",
					"$(inherited)",
				);
				GCC_SYMBOLS_PRIVATE_EXTERN = NO;
				GCC_WARN_64_TO_32_BIT_CONVERSION = YES;
				GCC_WARN_ABOUT_RETURN_TYPE = YES_ERROR;
				GCC_WARN_UNDECLARED_SELECTOR = YES;
				GCC_WARN_UNINITIALIZED_AUTOS = YES;
				GCC_WARN_UNUSED_FUNCTION = YES;
				GCC_WARN_UNUSED_VARIABLE = YES;
				IPHONEOS_DEPLOYMENT_TARGET = 7.0;
				ONLY_ACTIVE_ARCH = YES;
				SDKROOT = iphoneos;
			};
			name = Debug;
		};
		FFA95FA51840B70D00874CFB /* Release */ = {
			isa = XCBuildConfiguration;
			buildSettings = {
				ALWAYS_SEARCH_USER_PATHS = NO;
				ARCHS = "$(ARCHS_STANDARD_INCLUDING_64_BIT)";
				CLANG_CXX_LANGUAGE_STANDARD = "gnu++0x";
				CLANG_CXX_LIBRARY = "libc++";
				CLANG_ENABLE_MODULES = YES;
				CLANG_ENABLE_OBJC_ARC = YES;
				CLANG_WARN_BOOL_CONVERSION = YES;
				CLANG_WARN_CONSTANT_CONVERSION = YES;
				CLANG_WARN_DIRECT_OBJC_ISA_USAGE = YES_ERROR;
				CLANG_WARN_EMPTY_BODY = YES;
				CLANG_WARN_ENUM_CONVERSION = YES;
				CLANG_WARN_INT_CONVERSION = YES;
				CLANG_WARN_OBJC_ROOT_CLASS = YES_ERROR;
				CLANG_WARN__DUPLICATE_METHOD_MATCH = YES;
				"CODE_SIGN_IDENTITY[sdk=iphoneos*]" = "iPhone Developer";
				COPY_PHASE_STRIP = YES;
				ENABLE_NS_ASSERTIONS = NO;
				GCC_C_LANGUAGE_STANDARD = gnu99;
				GCC_WARN_64_TO_32_BIT_CONVERSION = YES;
				GCC_WARN_ABOUT_RETURN_TYPE = YES_ERROR;
				GCC_WARN_UNDECLARED_SELECTOR = YES;
				GCC_WARN_UNINITIALIZED_AUTOS = YES;
				GCC_WARN_UNUSED_FUNCTION = YES;
				GCC_WARN_UNUSED_VARIABLE = YES;
				IPHONEOS_DEPLOYMENT_TARGET = 7.0;
				SDKROOT = iphoneos;
				VALIDATE_PRODUCT = YES;
			};
			name = Release;
		};
		FFA95FA71840B70D00874CFB /* Debug */ = {
			isa = XCBuildConfiguration;
			buildSettings = {
				ASSETCATALOG_COMPILER_APPICON_NAME = AppIcon;
				ASSETCATALOG_COMPILER_LAUNCHIMAGE_NAME = LaunchImage;
				FRAMEWORK_SEARCH_PATHS = (
					"$(inherited)",
					"/Users/Loredana/Desktop/rails_apps/kidsberry/berry_ios/KidsBerry/dropbox-ios-sync-sdk-2.0.3",
					/Users/Loredana/Desktop/rails_apps/kidsberry/berry_ios/KidsBerry,
				);
				GCC_PRECOMPILE_PREFIX_HEADER = YES;
				GCC_PREFIX_HEADER = "KidsBerry/KidsBerry-Prefix.pch";
				INFOPLIST_FILE = "KidsBerry/KidsBerry-Info.plist";
				IPHONEOS_DEPLOYMENT_TARGET = 6.0;
				PRODUCT_NAME = "$(TARGET_NAME)";
				WRAPPER_EXTENSION = app;
			};
			name = Debug;
		};
		FFA95FA81840B70D00874CFB /* Release */ = {
			isa = XCBuildConfiguration;
			buildSettings = {
				ASSETCATALOG_COMPILER_APPICON_NAME = AppIcon;
				ASSETCATALOG_COMPILER_LAUNCHIMAGE_NAME = LaunchImage;
				FRAMEWORK_SEARCH_PATHS = (
					"$(inherited)",
					"/Users/Loredana/Desktop/rails_apps/kidsberry/berry_ios/KidsBerry/dropbox-ios-sync-sdk-2.0.3",
					/Users/Loredana/Desktop/rails_apps/kidsberry/berry_ios/KidsBerry,
				);
				GCC_PRECOMPILE_PREFIX_HEADER = YES;
				GCC_PREFIX_HEADER = "KidsBerry/KidsBerry-Prefix.pch";
				INFOPLIST_FILE = "KidsBerry/KidsBerry-Info.plist";
				IPHONEOS_DEPLOYMENT_TARGET = 6.0;
				PRODUCT_NAME = "$(TARGET_NAME)";
				WRAPPER_EXTENSION = app;
			};
			name = Release;
		};
		FFA95FAA1840B70D00874CFB /* Debug */ = {
			isa = XCBuildConfiguration;
			buildSettings = {
				ARCHS = "$(ARCHS_STANDARD_INCLUDING_64_BIT)";
				BUNDLE_LOADER = "$(BUILT_PRODUCTS_DIR)/KidsBerry.app/KidsBerry";
				FRAMEWORK_SEARCH_PATHS = (
					"$(SDKROOT)/Developer/Library/Frameworks",
					"$(inherited)",
					"$(DEVELOPER_FRAMEWORKS_DIR)",
				);
				GCC_PRECOMPILE_PREFIX_HEADER = YES;
				GCC_PREFIX_HEADER = "KidsBerry/KidsBerry-Prefix.pch";
				GCC_PREPROCESSOR_DEFINITIONS = (
					"DEBUG=1",
					"$(inherited)",
				);
				INFOPLIST_FILE = "KidsBerryTests/KidsBerryTests-Info.plist";
				PRODUCT_NAME = "$(TARGET_NAME)";
				TEST_HOST = "$(BUNDLE_LOADER)";
				WRAPPER_EXTENSION = xctest;
			};
			name = Debug;
		};
		FFA95FAB1840B70D00874CFB /* Release */ = {
			isa = XCBuildConfiguration;
			buildSettings = {
				ARCHS = "$(ARCHS_STANDARD_INCLUDING_64_BIT)";
				BUNDLE_LOADER = "$(BUILT_PRODUCTS_DIR)/KidsBerry.app/KidsBerry";
				FRAMEWORK_SEARCH_PATHS = (
					"$(SDKROOT)/Developer/Library/Frameworks",
					"$(inherited)",
					"$(DEVELOPER_FRAMEWORKS_DIR)",
				);
				GCC_PRECOMPILE_PREFIX_HEADER = YES;
				GCC_PREFIX_HEADER = "KidsBerry/KidsBerry-Prefix.pch";
				INFOPLIST_FILE = "KidsBerryTests/KidsBerryTests-Info.plist";
				PRODUCT_NAME = "$(TARGET_NAME)";
				TEST_HOST = "$(BUNDLE_LOADER)";
				WRAPPER_EXTENSION = xctest;
			};
			name = Release;
		};
/* End XCBuildConfiguration section */

/* Begin XCConfigurationList section */
		FFA95F6F1840B70D00874CFB /* Build configuration list for PBXProject "KidsBerry" */ = {
			isa = XCConfigurationList;
			buildConfigurations = (
				FFA95FA41840B70D00874CFB /* Debug */,
				FFA95FA51840B70D00874CFB /* Release */,
			);
			defaultConfigurationIsVisible = 0;
			defaultConfigurationName = Release;
		};
		FFA95FA61840B70D00874CFB /* Build configuration list for PBXNativeTarget "KidsBerry" */ = {
			isa = XCConfigurationList;
			buildConfigurations = (
				FFA95FA71840B70D00874CFB /* Debug */,
				FFA95FA81840B70D00874CFB /* Release */,
			);
			defaultConfigurationIsVisible = 0;
			defaultConfigurationName = Release;
		};
		FFA95FA91840B70D00874CFB /* Build configuration list for PBXNativeTarget "KidsBerryTests" */ = {
			isa = XCConfigurationList;
			buildConfigurations = (
				FFA95FAA1840B70D00874CFB /* Debug */,
				FFA95FAB1840B70D00874CFB /* Release */,
			);
			defaultConfigurationIsVisible = 0;
			defaultConfigurationName = Release;
		};
/* End XCConfigurationList section */
	};
	rootObject = FFA95F6C1840B70D00874CFB /* Project object */;
}
